// !$*UTF8*$!
{
	archiveVersion = 1;
	classes = {
	};
	objectVersion = 56;
	objects = {

/* Begin PBXBuildFile section */
		2A0AE8B82970BF9A0039E3DF /* macOSSettings.swift in Sources */ = {isa = PBXBuildFile; fileRef = 2A0AE8B72970BF9A0039E3DF /* macOSSettings.swift */; };
		2A0AE8BA2970BFB60039E3DF /* iOSSettings.swift in Sources */ = {isa = PBXBuildFile; fileRef = 2A0AE8B92970BFB60039E3DF /* iOSSettings.swift */; };
		2A2E2D092926C79A0087014B /* Assets.xcassets in Resources */ = {isa = PBXBuildFile; fileRef = 2A2E2D082926C79A0087014B /* Assets.xcassets */; };
		2A2E2D0D2926C79A0087014B /* Preview Assets.xcassets in Resources */ = {isa = PBXBuildFile; fileRef = 2A2E2D0C2926C79A0087014B /* Preview Assets.xcassets */; };
		2AABAA6B2956497800035A75 /* ListItem.swift in Sources */ = {isa = PBXBuildFile; fileRef = 2AABAA6A2956497800035A75 /* ListItem.swift */; };
		2AB0B7BB292C34E3003BFB3B /* ContentView.swift in Sources */ = {isa = PBXBuildFile; fileRef = 2AB0B7BA292C34E3003BFB3B /* ContentView.swift */; };
		2ABDFD92294E666E00C32E29 /* String Extension.swift in Sources */ = {isa = PBXBuildFile; fileRef = 2ABDFD91294E666E00C32E29 /* String Extension.swift */; };
		2ABDFD94294E683A00C32E29 /* NJView.swift in Sources */ = {isa = PBXBuildFile; fileRef = 2ABDFD93294E683A00C32E29 /* NJView.swift */; };
		2ABDFD96294E685800C32E29 /* MTView.swift in Sources */ = {isa = PBXBuildFile; fileRef = 2ABDFD95294E685800C32E29 /* MTView.swift */; };
		2ABDFD98294E687700C32E29 /* NDView.swift in Sources */ = {isa = PBXBuildFile; fileRef = 2ABDFD97294E687700C32E29 /* NDView.swift */; };
		2AE66A4E2927E854003D4727 /* DLFindApp.swift in Sources */ = {isa = PBXBuildFile; fileRef = 2AE66A4D2927E854003D4727 /* DLFindApp.swift */; };
/* End PBXBuildFile section */

/* Begin PBXFileReference section */
		2A0AE8B72970BF9A0039E3DF /* macOSSettings.swift */ = {isa = PBXFileReference; lastKnownFileType = sourcecode.swift; path = macOSSettings.swift; sourceTree = "<group>"; };
		2A0AE8B92970BFB60039E3DF /* iOSSettings.swift */ = {isa = PBXFileReference; lastKnownFileType = sourcecode.swift; path = iOSSettings.swift; sourceTree = "<group>"; };
		2A2E2D012926C7990087014B /* DLFind.app */ = {isa = PBXFileReference; explicitFileType = wrapper.application; includeInIndex = 0; path = DLFind.app; sourceTree = BUILT_PRODUCTS_DIR; };
		2A2E2D082926C79A0087014B /* Assets.xcassets */ = {isa = PBXFileReference; lastKnownFileType = folder.assetcatalog; path = Assets.xcassets; sourceTree = "<group>"; };
		2A2E2D0A2926C79A0087014B /* DLFind.entitlements */ = {isa = PBXFileReference; lastKnownFileType = text.plist.entitlements; path = DLFind.entitlements; sourceTree = "<group>"; };
		2A2E2D0C2926C79A0087014B /* Preview Assets.xcassets */ = {isa = PBXFileReference; lastKnownFileType = folder.assetcatalog; path = "Preview Assets.xcassets"; sourceTree = "<group>"; };
		2AABAA6A2956497800035A75 /* ListItem.swift */ = {isa = PBXFileReference; lastKnownFileType = sourcecode.swift; path = ListItem.swift; sourceTree = "<group>"; };
		2AB0B7BA292C34E3003BFB3B /* ContentView.swift */ = {isa = PBXFileReference; lastKnownFileType = sourcecode.swift; path = ContentView.swift; sourceTree = "<group>"; };
		2ABDFD91294E666E00C32E29 /* String Extension.swift */ = {isa = PBXFileReference; fileEncoding = 4; lastKnownFileType = sourcecode.swift; path = "String Extension.swift"; sourceTree = "<group>"; };
		2ABDFD93294E683A00C32E29 /* NJView.swift */ = {isa = PBXFileReference; lastKnownFileType = sourcecode.swift; path = NJView.swift; sourceTree = "<group>"; };
		2ABDFD95294E685800C32E29 /* MTView.swift */ = {isa = PBXFileReference; lastKnownFileType = sourcecode.swift; path = MTView.swift; sourceTree = "<group>"; };
		2ABDFD97294E687700C32E29 /* NDView.swift */ = {isa = PBXFileReference; lastKnownFileType = sourcecode.swift; path = NDView.swift; sourceTree = "<group>"; };
		2AE66A4D2927E854003D4727 /* DLFindApp.swift */ = {isa = PBXFileReference; lastKnownFileType = sourcecode.swift; path = DLFindApp.swift; sourceTree = "<group>"; };
/* End PBXFileReference section */

/* Begin PBXFrameworksBuildPhase section */
		2A2E2CFE2926C7990087014B /* Frameworks */ = {
			isa = PBXFrameworksBuildPhase;
			buildActionMask = 2147483647;
			files = (
			);
			runOnlyForDeploymentPostprocessing = 0;
		};
/* End PBXFrameworksBuildPhase section */

/* Begin PBXGroup section */
		2A294619292ECC2D001E63F6 /* State Views */ = {
			isa = PBXGroup;
			children = (
				2ABDFD93294E683A00C32E29 /* NJView.swift */,
				2ABDFD95294E685800C32E29 /* MTView.swift */,
				2ABDFD97294E687700C32E29 /* NDView.swift */,
			);
			path = "State Views";
			sourceTree = "<group>";
		};
		2A2E2CF82926C7990087014B = {
			isa = PBXGroup;
			children = (
				2A2E2D032926C7990087014B /* DLFind */,
				2A2E2D022926C7990087014B /* Products */,
			);
			sourceTree = "<group>";
		};
		2A2E2D022926C7990087014B /* Products */ = {
			isa = PBXGroup;
			children = (
				2A2E2D012926C7990087014B /* DLFind.app */,
			);
			name = Products;
			sourceTree = "<group>";
		};
		2A2E2D032926C7990087014B /* DLFind */ = {
			isa = PBXGroup;
			children = (
				2AE66A4D2927E854003D4727 /* DLFindApp.swift */,
				2A294619292ECC2D001E63F6 /* State Views */,
				2AB0B7BA292C34E3003BFB3B /* ContentView.swift */,
				2A0AE8B72970BF9A0039E3DF /* macOSSettings.swift */,
				2A0AE8B92970BFB60039E3DF /* iOSSettings.swift */,
				2AABAA6A2956497800035A75 /* ListItem.swift */,
				2ABDFD91294E666E00C32E29 /* String Extension.swift */,
				2A2E2D082926C79A0087014B /* Assets.xcassets */,
				2A2E2D0A2926C79A0087014B /* DLFind.entitlements */,
				2A2E2D0B2926C79A0087014B /* Preview Content */,
			);
			path = DLFind;
			sourceTree = "<group>";
		};
		2A2E2D0B2926C79A0087014B /* Preview Content */ = {
			isa = PBXGroup;
			children = (
				2A2E2D0C2926C79A0087014B /* Preview Assets.xcassets */,
			);
			path = "Preview Content";
			sourceTree = "<group>";
		};
/* End PBXGroup section */

/* Begin PBXNativeTarget section */
		2A2E2D002926C7990087014B /* DLFind */ = {
			isa = PBXNativeTarget;
			buildConfigurationList = 2A2E2D102926C79A0087014B /* Build configuration list for PBXNativeTarget "DLFind" */;
			buildPhases = (
				2A2E2CFD2926C7990087014B /* Sources */,
				2A2E2CFE2926C7990087014B /* Frameworks */,
				2A2E2CFF2926C7990087014B /* Resources */,
			);
			buildRules = (
			);
			dependencies = (
			);
			name = DLFind;
			productName = "NJDriver'sLicense";
			productReference = 2A2E2D012926C7990087014B /* DLFind.app */;
			productType = "com.apple.product-type.application";
		};
/* End PBXNativeTarget section */

/* Begin PBXProject section */
		2A2E2CF92926C7990087014B /* Project object */ = {
			isa = PBXProject;
			attributes = {
				BuildIndependentTargetsInParallel = 1;
				LastSwiftUpdateCheck = 1410;
				LastUpgradeCheck = 1420;
				TargetAttributes = {
					2A2E2D002926C7990087014B = {
						CreatedOnToolsVersion = 14.1;
					};
				};
			};
			buildConfigurationList = 2A2E2CFC2926C7990087014B /* Build configuration list for PBXProject "DLFind" */;
			compatibilityVersion = "Xcode 14.0";
			developmentRegion = en;
			hasScannedForEncodings = 0;
			knownRegions = (
				en,
				Base,
			);
			mainGroup = 2A2E2CF82926C7990087014B;
			productRefGroup = 2A2E2D022926C7990087014B /* Products */;
			projectDirPath = "";
			projectRoot = "";
			targets = (
				2A2E2D002926C7990087014B /* DLFind */,
			);
		};
/* End PBXProject section */

/* Begin PBXResourcesBuildPhase section */
		2A2E2CFF2926C7990087014B /* Resources */ = {
			isa = PBXResourcesBuildPhase;
			buildActionMask = 2147483647;
			files = (
				2A2E2D0D2926C79A0087014B /* Preview Assets.xcassets in Resources */,
				2A2E2D092926C79A0087014B /* Assets.xcassets in Resources */,
			);
			runOnlyForDeploymentPostprocessing = 0;
		};
/* End PBXResourcesBuildPhase section */

/* Begin PBXSourcesBuildPhase section */
		2A2E2CFD2926C7990087014B /* Sources */ = {
			isa = PBXSourcesBuildPhase;
			buildActionMask = 2147483647;
			files = (
				2AE66A4E2927E854003D4727 /* DLFindApp.swift in Sources */,
				2AABAA6B2956497800035A75 /* ListItem.swift in Sources */,
				2A0AE8BA2970BFB60039E3DF /* iOSSettings.swift in Sources */,
				2A0AE8B82970BF9A0039E3DF /* macOSSettings.swift in Sources */,
				2AB0B7BB292C34E3003BFB3B /* ContentView.swift in Sources */,
				2ABDFD98294E687700C32E29 /* NDView.swift in Sources */,
				2ABDFD94294E683A00C32E29 /* NJView.swift in Sources */,
				2ABDFD92294E666E00C32E29 /* String Extension.swift in Sources */,
				2ABDFD96294E685800C32E29 /* MTView.swift in Sources */,
			);
			runOnlyForDeploymentPostprocessing = 0;
		};
/* End PBXSourcesBuildPhase section */

/* Begin XCBuildConfiguration section */
		2A2E2D0E2926C79A0087014B /* Debug */ = {
			isa = XCBuildConfiguration;
			buildSettings = {
				ALWAYS_SEARCH_USER_PATHS = NO;
				CLANG_ANALYZER_NONNULL = YES;
				CLANG_ANALYZER_NUMBER_OBJECT_CONVERSION = YES_AGGRESSIVE;
				CLANG_CXX_LANGUAGE_STANDARD = "gnu++20";
				CLANG_ENABLE_MODULES = YES;
				CLANG_ENABLE_OBJC_ARC = YES;
				CLANG_ENABLE_OBJC_WEAK = YES;
				CLANG_WARN_BLOCK_CAPTURE_AUTORELEASING = YES;
				CLANG_WARN_BOOL_CONVERSION = YES;
				CLANG_WARN_COMMA = YES;
				CLANG_WARN_CONSTANT_CONVERSION = YES;
				CLANG_WARN_DEPRECATED_OBJC_IMPLEMENTATIONS = YES;
				CLANG_WARN_DIRECT_OBJC_ISA_USAGE = YES_ERROR;
				CLANG_WARN_DOCUMENTATION_COMMENTS = YES;
				CLANG_WARN_EMPTY_BODY = YES;
				CLANG_WARN_ENUM_CONVERSION = YES;
				CLANG_WARN_INFINITE_RECURSION = YES;
				CLANG_WARN_INT_CONVERSION = YES;
				CLANG_WARN_NON_LITERAL_NULL_CONVERSION = YES;
				CLANG_WARN_OBJC_IMPLICIT_RETAIN_SELF = YES;
				CLANG_WARN_OBJC_LITERAL_CONVERSION = YES;
				CLANG_WARN_OBJC_ROOT_CLASS = YES_ERROR;
				CLANG_WARN_QUOTED_INCLUDE_IN_FRAMEWORK_HEADER = YES;
				CLANG_WARN_RANGE_LOOP_ANALYSIS = YES;
				CLANG_WARN_STRICT_PROTOTYPES = YES;
				CLANG_WARN_SUSPICIOUS_MOVE = YES;
				CLANG_WARN_UNGUARDED_AVAILABILITY = YES_AGGRESSIVE;
				CLANG_WARN_UNREACHABLE_CODE = YES;
				CLANG_WARN__DUPLICATE_METHOD_MATCH = YES;
				COPY_PHASE_STRIP = NO;
				DEAD_CODE_STRIPPING = YES;
				DEBUG_INFORMATION_FORMAT = dwarf;
				ENABLE_STRICT_OBJC_MSGSEND = YES;
				ENABLE_TESTABILITY = YES;
				GCC_C_LANGUAGE_STANDARD = gnu11;
				GCC_DYNAMIC_NO_PIC = NO;
				GCC_NO_COMMON_BLOCKS = YES;
				GCC_OPTIMIZATION_LEVEL = 0;
				GCC_PREPROCESSOR_DEFINITIONS = (
					"DEBUG=1",
					"$(inherited)",
				);
				GCC_WARN_64_TO_32_BIT_CONVERSION = YES;
				GCC_WARN_ABOUT_RETURN_TYPE = YES_ERROR;
				GCC_WARN_UNDECLARED_SELECTOR = YES;
				GCC_WARN_UNINITIALIZED_AUTOS = YES_AGGRESSIVE;
				GCC_WARN_UNUSED_FUNCTION = YES;
				GCC_WARN_UNUSED_VARIABLE = YES;
				MTL_ENABLE_DEBUG_INFO = INCLUDE_SOURCE;
				MTL_FAST_MATH = YES;
				ONLY_ACTIVE_ARCH = YES;
				SWIFT_ACTIVE_COMPILATION_CONDITIONS = DEBUG;
				SWIFT_OPTIMIZATION_LEVEL = "-Onone";
			};
			name = Debug;
		};
		2A2E2D0F2926C79A0087014B /* Release */ = {
			isa = XCBuildConfiguration;
			buildSettings = {
				ALWAYS_SEARCH_USER_PATHS = NO;
				CLANG_ANALYZER_NONNULL = YES;
				CLANG_ANALYZER_NUMBER_OBJECT_CONVERSION = YES_AGGRESSIVE;
				CLANG_CXX_LANGUAGE_STANDARD = "gnu++20";
				CLANG_ENABLE_MODULES = YES;
				CLANG_ENABLE_OBJC_ARC = YES;
				CLANG_ENABLE_OBJC_WEAK = YES;
				CLANG_WARN_BLOCK_CAPTURE_AUTORELEASING = YES;
				CLANG_WARN_BOOL_CONVERSION = YES;
				CLANG_WARN_COMMA = YES;
				CLANG_WARN_CONSTANT_CONVERSION = YES;
				CLANG_WARN_DEPRECATED_OBJC_IMPLEMENTATIONS = YES;
				CLANG_WARN_DIRECT_OBJC_ISA_USAGE = YES_ERROR;
				CLANG_WARN_DOCUMENTATION_COMMENTS = YES;
				CLANG_WARN_EMPTY_BODY = YES;
				CLANG_WARN_ENUM_CONVERSION = YES;
				CLANG_WARN_INFINITE_RECURSION = YES;
				CLANG_WARN_INT_CONVERSION = YES;
				CLANG_WARN_NON_LITERAL_NULL_CONVERSION = YES;
				CLANG_WARN_OBJC_IMPLICIT_RETAIN_SELF = YES;
				CLANG_WARN_OBJC_LITERAL_CONVERSION = YES;
				CLANG_WARN_OBJC_ROOT_CLASS = YES_ERROR;
				CLANG_WARN_QUOTED_INCLUDE_IN_FRAMEWORK_HEADER = YES;
				CLANG_WARN_RANGE_LOOP_ANALYSIS = YES;
				CLANG_WARN_STRICT_PROTOTYPES = YES;
				CLANG_WARN_SUSPICIOUS_MOVE = YES;
				CLANG_WARN_UNGUARDED_AVAILABILITY = YES_AGGRESSIVE;
				CLANG_WARN_UNREACHABLE_CODE = YES;
				CLANG_WARN__DUPLICATE_METHOD_MATCH = YES;
				COPY_PHASE_STRIP = NO;
				DEAD_CODE_STRIPPING = YES;
				DEBUG_INFORMATION_FORMAT = "dwarf-with-dsym";
				ENABLE_NS_ASSERTIONS = NO;
				ENABLE_STRICT_OBJC_MSGSEND = YES;
				GCC_C_LANGUAGE_STANDARD = gnu11;
				GCC_NO_COMMON_BLOCKS = YES;
				GCC_WARN_64_TO_32_BIT_CONVERSION = YES;
				GCC_WARN_ABOUT_RETURN_TYPE = YES_ERROR;
				GCC_WARN_UNDECLARED_SELECTOR = YES;
				GCC_WARN_UNINITIALIZED_AUTOS = YES_AGGRESSIVE;
				GCC_WARN_UNUSED_FUNCTION = YES;
				GCC_WARN_UNUSED_VARIABLE = YES;
				MTL_ENABLE_DEBUG_INFO = NO;
				MTL_FAST_MATH = YES;
				SWIFT_COMPILATION_MODE = wholemodule;
				SWIFT_OPTIMIZATION_LEVEL = "-O";
			};
			name = Release;
		};
		2A2E2D112926C79A0087014B /* Debug */ = {
			isa = XCBuildConfiguration;
			buildSettings = {
				ASSETCATALOG_COMPILER_APPICON_NAME = AppIcon;
				ASSETCATALOG_COMPILER_GLOBAL_ACCENT_COLOR_NAME = AccentColor;
				CODE_SIGN_ENTITLEMENTS = /Users/davidempire/Documents/DLFind/DLFind/DLFind.entitlements;
				CODE_SIGN_IDENTITY = "-";
				"CODE_SIGN_IDENTITY[sdk=iphoneos*]" = "Apple Development";
				CODE_SIGN_STYLE = Automatic;
				CURRENT_PROJECT_VERSION = 1;
				DEAD_CODE_STRIPPING = YES;
				DEVELOPMENT_ASSET_PATHS = "\"/Users/davidempire/Documents/DLFind/DLFind/Preview Content\"";
				DEVELOPMENT_TEAM = M7XM4638WJ;
				ENABLE_HARDENED_RUNTIME = YES;
				ENABLE_PREVIEWS = YES;
				GENERATE_INFOPLIST_FILE = YES;
				INFOPLIST_KEY_CFBundleDisplayName = DLFind;
				INFOPLIST_KEY_LSApplicationCategoryType = "public.app-category.developer-tools";
				"INFOPLIST_KEY_UIApplicationSceneManifest_Generation[sdk=iphoneos*]" = YES;
				"INFOPLIST_KEY_UIApplicationSceneManifest_Generation[sdk=iphonesimulator*]" = YES;
				"INFOPLIST_KEY_UIApplicationSupportsIndirectInputEvents[sdk=iphoneos*]" = YES;
				"INFOPLIST_KEY_UIApplicationSupportsIndirectInputEvents[sdk=iphonesimulator*]" = YES;
				"INFOPLIST_KEY_UILaunchScreen_Generation[sdk=iphoneos*]" = YES;
				"INFOPLIST_KEY_UILaunchScreen_Generation[sdk=iphonesimulator*]" = YES;
				"INFOPLIST_KEY_UIStatusBarStyle[sdk=iphoneos*]" = UIStatusBarStyleDefault;
				"INFOPLIST_KEY_UIStatusBarStyle[sdk=iphonesimulator*]" = UIStatusBarStyleDefault;
				INFOPLIST_KEY_UISupportedInterfaceOrientations = "UIInterfaceOrientationLandscapeLeft UIInterfaceOrientationLandscapeRight UIInterfaceOrientationPortrait";
				INFOPLIST_KEY_UISupportedInterfaceOrientations_iPad = "UIInterfaceOrientationLandscapeLeft UIInterfaceOrientationLandscapeRight UIInterfaceOrientationPortrait UIInterfaceOrientationPortraitUpsideDown";
				IPHONEOS_DEPLOYMENT_TARGET = 15.0;
				LD_RUNPATH_SEARCH_PATHS = "@executable_path/Frameworks";
				"LD_RUNPATH_SEARCH_PATHS[sdk=macosx*]" = "@executable_path/../Frameworks";
				MACOSX_DEPLOYMENT_TARGET = 12.0;
				MARKETING_VERSION = 1.01;
				PRODUCT_BUNDLE_IDENTIFIER = DavidSaporta.DLFind;
				PRODUCT_NAME = DLFind;
				SDKROOT = auto;
				SUPPORTED_PLATFORMS = "iphoneos iphonesimulator macosx";
				SUPPORTS_MACCATALYST = NO;
				SUPPORTS_MAC_DESIGNED_FOR_IPHONE_IPAD = NO;
				SWIFT_EMIT_LOC_STRINGS = YES;
				SWIFT_VERSION = 5.0;
				TARGETED_DEVICE_FAMILY = "1,2,6";
			};
			name = Debug;
		};
		2A2E2D122926C79A0087014B /* Release */ = {
			isa = XCBuildConfiguration;
			buildSettings = {
				ASSETCATALOG_COMPILER_APPICON_NAME = AppIcon;
				ASSETCATALOG_COMPILER_GLOBAL_ACCENT_COLOR_NAME = AccentColor;
				CODE_SIGN_ENTITLEMENTS = /Users/davidempire/Documents/DLFind/DLFind/DLFind.entitlements;
				CODE_SIGN_IDENTITY = "-";
				"CODE_SIGN_IDENTITY[sdk=iphoneos*]" = "Apple Development";
				CODE_SIGN_STYLE = Automatic;
				CURRENT_PROJECT_VERSION = 1;
				DEAD_CODE_STRIPPING = YES;
				DEVELOPMENT_ASSET_PATHS = "\"/Users/davidempire/Documents/DLFind/DLFind/Preview Content\"";
				DEVELOPMENT_TEAM = M7XM4638WJ;
				ENABLE_HARDENED_RUNTIME = YES;
				ENABLE_PREVIEWS = YES;
				GENERATE_INFOPLIST_FILE = YES;
				INFOPLIST_KEY_CFBundleDisplayName = DLFind;
				INFOPLIST_KEY_LSApplicationCategoryType = "public.app-category.developer-tools";
				"INFOPLIST_KEY_UIApplicationSceneManifest_Generation[sdk=iphoneos*]" = YES;
				"INFOPLIST_KEY_UIApplicationSceneManifest_Generation[sdk=iphonesimulator*]" = YES;
				"INFOPLIST_KEY_UIApplicationSupportsIndirectInputEvents[sdk=iphoneos*]" = YES;
				"INFOPLIST_KEY_UIApplicationSupportsIndirectInputEvents[sdk=iphonesimulator*]" = YES;
				"INFOPLIST_KEY_UILaunchScreen_Generation[sdk=iphoneos*]" = YES;
				"INFOPLIST_KEY_UILaunchScreen_Generation[sdk=iphonesimulator*]" = YES;
				"INFOPLIST_KEY_UIStatusBarStyle[sdk=iphoneos*]" = UIStatusBarStyleDefault;
				"INFOPLIST_KEY_UIStatusBarStyle[sdk=iphonesimulator*]" = UIStatusBarStyleDefault;
				INFOPLIST_KEY_UISupportedInterfaceOrientations = "UIInterfaceOrientationLandscapeLeft UIInterfaceOrientationLandscapeRight UIInterfaceOrientationPortrait";
				INFOPLIST_KEY_UISupportedInterfaceOrientations_iPad = "UIInterfaceOrientationLandscapeLeft UIInterfaceOrientationLandscapeRight UIInterfaceOrientationPortrait UIInterfaceOrientationPortraitUpsideDown";
				IPHONEOS_DEPLOYMENT_TARGET = 15.0;
				LD_RUNPATH_SEARCH_PATHS = "@executable_path/Frameworks";
				"LD_RUNPATH_SEARCH_PATHS[sdk=macosx*]" = "@executable_path/../Frameworks";
				MACOSX_DEPLOYMENT_TARGET = 12.0;
				MARKETING_VERSION = 1.01;
				PRODUCT_BUNDLE_IDENTIFIER = DavidSaporta.DLFind;
				PRODUCT_NAME = DLFind;
				SDKROOT = auto;
				SUPPORTED_PLATFORMS = "iphoneos iphonesimulator macosx";
				SUPPORTS_MACCATALYST = NO;
				SUPPORTS_MAC_DESIGNED_FOR_IPHONE_IPAD = NO;
				SWIFT_EMIT_LOC_STRINGS = YES;
				SWIFT_VERSION = 5.0;
				TARGETED_DEVICE_FAMILY = "1,2,6";
			};
			name = Release;
		};
/* End XCBuildConfiguration section */

/* Begin XCConfigurationList section */
		2A2E2CFC2926C7990087014B /* Build configuration list for PBXProject "DLFind" */ = {
			isa = XCConfigurationList;
			buildConfigurations = (
				2A2E2D0E2926C79A0087014B /* Debug */,
				2A2E2D0F2926C79A0087014B /* Release */,
			);
			defaultConfigurationIsVisible = 0;
			defaultConfigurationName = Release;
		};
		2A2E2D102926C79A0087014B /* Build configuration list for PBXNativeTarget "DLFind" */ = {
			isa = XCConfigurationList;
			buildConfigurations = (
				2A2E2D112926C79A0087014B /* Debug */,
				2A2E2D122926C79A0087014B /* Release */,
			);
			defaultConfigurationIsVisible = 0;
			defaultConfigurationName = Release;
		};
/* End XCConfigurationList section */
	};
	rootObject = 2A2E2CF92926C7990087014B /* Project object */;
}
